
Microsoft Visual Studio Solution File, Format Version 12.00
# Visual Studio Version 17
VisualStudioVersion = 17.7.34024.191
MinimumVisualStudioVersion = 10.0.40219.1
Project("{FAE04EC0-301F-11D3-BF4B-00C04F79EFBC}") = "CustomExceptionHandling", "CustomExceptionHandling.csproj", "{08DFEAB1-D575-4F65-A212-98C120A50CCA}"
EndProject
Project("{FAE04EC0-301F-11D3-BF4B-00C04F79EFBC}") = "TotallySafeLib", "..\TotallySafeLib\TotallySafeLib.csproj", "{BC34AAD8-0F13-446E-9B8B-9F71C6E1F3C7}"
EndProject
Global
	GlobalSection(SolutionConfigurationPlatforms) = preSolution
		Debug|Any CPU = Debug|Any CPU
		Release|Any CPU = Release|Any CPU
	EndGlobalSection
	GlobalSection(ProjectConfigurationPlatforms) = postSolution
		{08DFEAB1-D575-4F65-A212-98C120A50CCA}.Debug|Any CPU.ActiveCfg = Debug|Any CPU
		{08DFEAB1-D575-4F65-A212-98C120A50CCA}.Debug|Any CPU.Build.0 = Debug|Any CPU
		{08DFEAB1-D575-4F65-A212-98C120A50CCA}.Release|Any CPU.ActiveCfg = Release|Any CPU
		{08DFEAB1-D575-4F65-A212-98C120A50CCA}.Release|Any CPU.Build.0 = Release|Any CPU
		{BC34AAD8-0F13-446E-9B8B-9F71C6E1F3C7}.Debug|Any CPU.ActiveCfg = Debug|Any CPU
		{BC34AAD8-0F13-446E-9B8B-9F71C6E1F3C7}.Debug|Any CPU.Build.0 = Debug|Any CPU
		{BC34AAD8-0F13-446E-9B8B-9F71C6E1F3C7}.Release|Any CPU.ActiveCfg = Release|Any CPU
		{BC34AAD8-0F13-446E-9B8B-9F71C6E1F3C7}.Release|Any CPU.Build.0 = Release|Any CPU
	EndGlobalSection
	GlobalSection(SolutionProperties) = preSolution
		HideSolutionNode = FALSE
	EndGlobalSection
	GlobalSection(ExtensibilityGlobals) = postSolution
		SolutionGuid = {B2152698-C457-4222-A794-3B71F830F5A5}
	EndGlobalSection
EndGlobal
