
Microsoft Visual Studio Solution File, Format Version 12.00
# Visual Studio Version 17
VisualStudioVersion = 17.7.34024.191
MinimumVisualStudioVersion = 10.0.40219.1
Project("{FAE04EC0-301F-11D3-BF4B-00C04F79EFBC}") = "Persistens", "Persistens.csproj", "{5149CA5A-D8A1-4E3C-ACF7-BE9BAB2DDDBA}"
EndProject
Project("{FAE04EC0-301F-11D3-BF4B-00C04F79EFBC}") = "PersistensTest", "..\PersistensTest\PersistensTest.csproj", "{23A98D31-802C-4C42-BCC6-A3A1AB2E1BF2}"
EndProject
Global
	GlobalSection(SolutionConfigurationPlatforms) = preSolution
		Debug|Any CPU = Debug|Any CPU
		Release|Any CPU = Release|Any CPU
	EndGlobalSection
	GlobalSection(ProjectConfigurationPlatforms) = postSolution
		{5149CA5A-D8A1-4E3C-ACF7-BE9BAB2DDDBA}.Debug|Any CPU.ActiveCfg = Debug|Any CPU
		{5149CA5A-D8A1-4E3C-ACF7-BE9BAB2DDDBA}.Debug|Any CPU.Build.0 = Debug|Any CPU
		{5149CA5A-D8A1-4E3C-ACF7-BE9BAB2DDDBA}.Release|Any CPU.ActiveCfg = Release|Any CPU
		{5149CA5A-D8A1-4E3C-ACF7-BE9BAB2DDDBA}.Release|Any CPU.Build.0 = Release|Any CPU
		{23A98D31-802C-4C42-BCC6-A3A1AB2E1BF2}.Debug|Any CPU.ActiveCfg = Debug|Any CPU
		{23A98D31-802C-4C42-BCC6-A3A1AB2E1BF2}.Debug|Any CPU.Build.0 = Debug|Any CPU
		{23A98D31-802C-4C42-BCC6-A3A1AB2E1BF2}.Release|Any CPU.ActiveCfg = Release|Any CPU
		{23A98D31-802C-4C42-BCC6-A3A1AB2E1BF2}.Release|Any CPU.Build.0 = Release|Any CPU
	EndGlobalSection
	GlobalSection(SolutionProperties) = preSolution
		HideSolutionNode = FALSE
	EndGlobalSection
	GlobalSection(ExtensibilityGlobals) = postSolution
		SolutionGuid = {25145B44-2095-4247-90C8-8FA049921C79}
	EndGlobalSection
EndGlobal
